
Microsoft Visual Studio Solution File, Format Version 12.00
# Visual Studio Version 17
VisualStudioVersion = 17.0.32014.148
MinimumVisualStudioVersion = 10.0.40219.1
Project("{9A19103F-16F7-4668-BE54-9A1E7A4F7556}") = "BasketBusiness", "BasketBusiness\BasketBusiness.csproj", "{EC6AC6CA-0EE3-4C1F-B2C2-965136133B64}"
EndProject
Project("{FAE04EC0-301F-11D3-BF4B-00C04F79EFBC}") = "BasketBusinessTestsGherkin", "BasketBusinessTestsGherkin\BasketBusinessTestsGherkin.csproj", "{67F0CE5D-21EE-4857-A2D9-6410CA945BD5}"
EndProject
Project("{FAE04EC0-301F-11D3-BF4B-00C04F79EFBC}") = "BasketBusinessTextsXUnit", "BasketBusinessTextsXUnit\BasketBusinessTextsXUnit.csproj", "{52C64ACC-91A0-4794-AF38-BFC06CA9E39B}"
EndProject
Global
	GlobalSection(SolutionConfigurationPlatforms) = preSolution
		Debug|Any CPU = Debug|Any CPU
		Release|Any CPU = Release|Any CPU
	EndGlobalSection
	GlobalSection(ProjectConfigurationPlatforms) = postSolution
		{EC6AC6CA-0EE3-4C1F-B2C2-965136133B64}.Debug|Any CPU.ActiveCfg = Debug|Any CPU
		{EC6AC6CA-0EE3-4C1F-B2C2-965136133B64}.Debug|Any CPU.Build.0 = Debug|Any CPU
		{EC6AC6CA-0EE3-4C1F-B2C2-965136133B64}.Release|Any CPU.ActiveCfg = Release|Any CPU
		{EC6AC6CA-0EE3-4C1F-B2C2-965136133B64}.Release|Any CPU.Build.0 = Release|Any CPU
		{67F0CE5D-21EE-4857-A2D9-6410CA945BD5}.Debug|Any CPU.ActiveCfg = Debug|Any CPU
		{67F0CE5D-21EE-4857-A2D9-6410CA945BD5}.Debug|Any CPU.Build.0 = Debug|Any CPU
		{67F0CE5D-21EE-4857-A2D9-6410CA945BD5}.Release|Any CPU.ActiveCfg = Release|Any CPU
		{67F0CE5D-21EE-4857-A2D9-6410CA945BD5}.Release|Any CPU.Build.0 = Release|Any CPU
		{52C64ACC-91A0-4794-AF38-BFC06CA9E39B}.Debug|Any CPU.ActiveCfg = Debug|Any CPU
		{52C64ACC-91A0-4794-AF38-BFC06CA9E39B}.Debug|Any CPU.Build.0 = Debug|Any CPU
		{52C64ACC-91A0-4794-AF38-BFC06CA9E39B}.Release|Any CPU.ActiveCfg = Release|Any CPU
		{52C64ACC-91A0-4794-AF38-BFC06CA9E39B}.Release|Any CPU.Build.0 = Release|Any CPU
	EndGlobalSection
	GlobalSection(SolutionProperties) = preSolution
		HideSolutionNode = FALSE
	EndGlobalSection
	GlobalSection(ExtensibilityGlobals) = postSolution
		SolutionGuid = {8214280F-8240-4E68-8283-72B7B8691411}
	EndGlobalSection
EndGlobal
